// !$*UTF8*$!
{
	archiveVersion = 1;
	classes = {
	};
	objectVersion = 50;
	objects = {

/* Begin PBXBuildFile section */
		F60F3D3B26F6BAE500FC0D4F /* AppDelegate.swift in Sources */ = {isa = PBXBuildFile; fileRef = F60F3D3A26F6BAE500FC0D4F /* AppDelegate.swift */; };
		F60F3D4426F6BAE800FC0D4F /* Assets.xcassets in Resources */ = {isa = PBXBuildFile; fileRef = F60F3D4326F6BAE800FC0D4F /* Assets.xcassets */; };
		F60F3D4726F6BAE800FC0D4F /* LaunchScreen.storyboard in Resources */ = {isa = PBXBuildFile; fileRef = F60F3D4526F6BAE800FC0D4F /* LaunchScreen.storyboard */; };
		F62D8ED526F6EBB9003EE08E /* HomeViewController.swift in Sources */ = {isa = PBXBuildFile; fileRef = F62D8ED326F6EBB9003EE08E /* HomeViewController.swift */; };
		F62D8ED626F6EBB9003EE08E /* HomeViewController.xib in Resources */ = {isa = PBXBuildFile; fileRef = F62D8ED426F6EBB9003EE08E /* HomeViewController.xib */; };
		F67C0E8226F82D8800EA4329 /* AnswerModel.swift in Sources */ = {isa = PBXBuildFile; fileRef = F67C0E8126F82D8800EA4329 /* AnswerModel.swift */; };
		F68E4F5526F757FF00CDD10F /* FinishViewController.swift in Sources */ = {isa = PBXBuildFile; fileRef = F68E4F5326F757FF00CDD10F /* FinishViewController.swift */; };
		F68E4F5626F757FF00CDD10F /* FinishViewController.xib in Resources */ = {isa = PBXBuildFile; fileRef = F68E4F5426F757FF00CDD10F /* FinishViewController.xib */; };
		F68E4F5B26F7922A00CDD10F /* QuestionViewController.swift in Sources */ = {isa = PBXBuildFile; fileRef = F68E4F5926F7922A00CDD10F /* QuestionViewController.swift */; };
		F68E4F5C26F7922A00CDD10F /* QuestionViewController.xib in Resources */ = {isa = PBXBuildFile; fileRef = F68E4F5A26F7922A00CDD10F /* QuestionViewController.xib */; };
		F68E4F6426F7E3F200CDD10F /* AnswerCell.swift in Sources */ = {isa = PBXBuildFile; fileRef = F68E4F6226F7E3F200CDD10F /* AnswerCell.swift */; };
		F68E4F6526F7E3F200CDD10F /* AnswerCell.xib in Resources */ = {isa = PBXBuildFile; fileRef = F68E4F6326F7E3F200CDD10F /* AnswerCell.xib */; };
		F68E4F6A26F8249300CDD10F /* QuestionModel.swift in Sources */ = {isa = PBXBuildFile; fileRef = F68E4F6926F8249300CDD10F /* QuestionModel.swift */; };
/* End PBXBuildFile section */

/* Begin PBXFileReference section */
		F60F3D3726F6BAE500FC0D4F /* Quiz.app */ = {isa = PBXFileReference; explicitFileType = wrapper.application; includeInIndex = 0; path = Quiz.app; sourceTree = BUILT_PRODUCTS_DIR; };
		F60F3D3A26F6BAE500FC0D4F /* AppDelegate.swift */ = {isa = PBXFileReference; lastKnownFileType = sourcecode.swift; path = AppDelegate.swift; sourceTree = "<group>"; };
		F60F3D4326F6BAE800FC0D4F /* Assets.xcassets */ = {isa = PBXFileReference; lastKnownFileType = folder.assetcatalog; path = Assets.xcassets; sourceTree = "<group>"; };
		F60F3D4626F6BAE800FC0D4F /* Base */ = {isa = PBXFileReference; lastKnownFileType = file.storyboard; name = Base; path = Base.lproj/LaunchScreen.storyboard; sourceTree = "<group>"; };
		F60F3D4826F6BAE800FC0D4F /* Info.plist */ = {isa = PBXFileReference; lastKnownFileType = text.plist.xml; path = Info.plist; sourceTree = "<group>"; };
		F62D8ED326F6EBB9003EE08E /* HomeViewController.swift */ = {isa = PBXFileReference; lastKnownFileType = sourcecode.swift; path = HomeViewController.swift; sourceTree = "<group>"; };
		F62D8ED426F6EBB9003EE08E /* HomeViewController.xib */ = {isa = PBXFileReference; lastKnownFileType = file.xib; path = HomeViewController.xib; sourceTree = "<group>"; };
		F67C0E8126F82D8800EA4329 /* AnswerModel.swift */ = {isa = PBXFileReference; lastKnownFileType = sourcecode.swift; path = AnswerModel.swift; sourceTree = "<group>"; };
		F68E4F5326F757FF00CDD10F /* FinishViewController.swift */ = {isa = PBXFileReference; lastKnownFileType = sourcecode.swift; path = FinishViewController.swift; sourceTree = "<group>"; };
		F68E4F5426F757FF00CDD10F /* FinishViewController.xib */ = {isa = PBXFileReference; lastKnownFileType = file.xib; path = FinishViewController.xib; sourceTree = "<group>"; };
		F68E4F5926F7922A00CDD10F /* QuestionViewController.swift */ = {isa = PBXFileReference; lastKnownFileType = sourcecode.swift; path = QuestionViewController.swift; sourceTree = "<group>"; };
		F68E4F5A26F7922A00CDD10F /* QuestionViewController.xib */ = {isa = PBXFileReference; lastKnownFileType = file.xib; path = QuestionViewController.xib; sourceTree = "<group>"; };
		F68E4F6226F7E3F200CDD10F /* AnswerCell.swift */ = {isa = PBXFileReference; lastKnownFileType = sourcecode.swift; path = AnswerCell.swift; sourceTree = "<group>"; };
		F68E4F6326F7E3F200CDD10F /* AnswerCell.xib */ = {isa = PBXFileReference; lastKnownFileType = file.xib; path = AnswerCell.xib; sourceTree = "<group>"; };
		F68E4F6926F8249300CDD10F /* QuestionModel.swift */ = {isa = PBXFileReference; lastKnownFileType = sourcecode.swift; path = QuestionModel.swift; sourceTree = "<group>"; };
/* End PBXFileReference section */

/* Begin PBXFrameworksBuildPhase section */
		F60F3D3426F6BAE500FC0D4F /* Frameworks */ = {
			isa = PBXFrameworksBuildPhase;
			buildActionMask = 2147483647;
			files = (
			);
			runOnlyForDeploymentPostprocessing = 0;
		};
/* End PBXFrameworksBuildPhase section */

/* Begin PBXGroup section */
		F60F3D2E26F6BAE500FC0D4F = {
			isa = PBXGroup;
			children = (
				F60F3D3926F6BAE500FC0D4F /* Quiz */,
				F60F3D3826F6BAE500FC0D4F /* Products */,
			);
			sourceTree = "<group>";
		};
		F60F3D3826F6BAE500FC0D4F /* Products */ = {
			isa = PBXGroup;
			children = (
				F60F3D3726F6BAE500FC0D4F /* Quiz.app */,
			);
			name = Products;
			sourceTree = "<group>";
		};
		F60F3D3926F6BAE500FC0D4F /* Quiz */ = {
			isa = PBXGroup;
			children = (
				F60F3D5326F6BBE000FC0D4F /* Sources */,
				F60F3D5226F6BBD600FC0D4F /* Scenes */,
				F60F3D5026F6BB3C00FC0D4F /* Resources */,
			);
			path = Quiz;
			sourceTree = "<group>";
		};
		F60F3D5026F6BB3C00FC0D4F /* Resources */ = {
			isa = PBXGroup;
			children = (
				F60F3D4526F6BAE800FC0D4F /* LaunchScreen.storyboard */,
				F60F3D4326F6BAE800FC0D4F /* Assets.xcassets */,
				F60F3D4826F6BAE800FC0D4F /* Info.plist */,
			);
			path = Resources;
			sourceTree = "<group>";
		};
		F60F3D5226F6BBD600FC0D4F /* Scenes */ = {
			isa = PBXGroup;
			children = (
				F68E4F5826F791EC00CDD10F /* Question */,
				F62D8ECF26F6E9C6003EE08E /* Finish */,
				F60F3D5426F6BDAC00FC0D4F /* Home */,
			);
			path = Scenes;
			sourceTree = "<group>";
		};
		F60F3D5326F6BBE000FC0D4F /* Sources */ = {
			isa = PBXGroup;
			children = (
				F60F3D3A26F6BAE500FC0D4F /* AppDelegate.swift */,
			);
			path = Sources;
			sourceTree = "<group>";
		};
		F60F3D5426F6BDAC00FC0D4F /* Home */ = {
			isa = PBXGroup;
			children = (
				F62D8ED326F6EBB9003EE08E /* HomeViewController.swift */,
				F62D8ED426F6EBB9003EE08E /* HomeViewController.xib */,
			);
			path = Home;
			sourceTree = "<group>";
		};
		F62D8ECF26F6E9C6003EE08E /* Finish */ = {
			isa = PBXGroup;
			children = (
				F68E4F5326F757FF00CDD10F /* FinishViewController.swift */,
				F68E4F5426F757FF00CDD10F /* FinishViewController.xib */,
			);
			path = Finish;
			sourceTree = "<group>";
		};
		F68E4F5826F791EC00CDD10F /* Question */ = {
			isa = PBXGroup;
			children = (
				F68E4F6826F8248000CDD10F /* Model */,
				F68E4F6026F7E32000CDD10F /* View */,
				F68E4F5926F7922A00CDD10F /* QuestionViewController.swift */,
				F68E4F5A26F7922A00CDD10F /* QuestionViewController.xib */,
			);
			path = Question;
			sourceTree = "<group>";
		};
		F68E4F6026F7E32000CDD10F /* View */ = {
			isa = PBXGroup;
			children = (
				F68E4F6126F7E32C00CDD10F /* Cells */,
			);
			path = View;
			sourceTree = "<group>";
		};
		F68E4F6126F7E32C00CDD10F /* Cells */ = {
			isa = PBXGroup;
			children = (
				F68E4F6226F7E3F200CDD10F /* AnswerCell.swift */,
				F68E4F6326F7E3F200CDD10F /* AnswerCell.xib */,
			);
			path = Cells;
			sourceTree = "<group>";
		};
		F68E4F6826F8248000CDD10F /* Model */ = {
			isa = PBXGroup;
			children = (
				F68E4F6926F8249300CDD10F /* QuestionModel.swift */,
				F67C0E8126F82D8800EA4329 /* AnswerModel.swift */,
			);
			path = Model;
			sourceTree = "<group>";
		};
/* End PBXGroup section */

/* Begin PBXNativeTarget section */
		F60F3D3626F6BAE500FC0D4F /* Quiz */ = {
			isa = PBXNativeTarget;
			buildConfigurationList = F60F3D4B26F6BAE800FC0D4F /* Build configuration list for PBXNativeTarget "Quiz" */;
			buildPhases = (
				F60F3D3326F6BAE500FC0D4F /* Sources */,
				F60F3D3426F6BAE500FC0D4F /* Frameworks */,
				F60F3D3526F6BAE500FC0D4F /* Resources */,
			);
			buildRules = (
			);
			dependencies = (
			);
			name = Quiz;
			productName = Quiz;
			productReference = F60F3D3726F6BAE500FC0D4F /* Quiz.app */;
			productType = "com.apple.product-type.application";
		};
/* End PBXNativeTarget section */

/* Begin PBXProject section */
		F60F3D2F26F6BAE500FC0D4F /* Project object */ = {
			isa = PBXProject;
			attributes = {
				LastSwiftUpdateCheck = 1230;
				LastUpgradeCheck = 1230;
				TargetAttributes = {
					F60F3D3626F6BAE500FC0D4F = {
						CreatedOnToolsVersion = 12.3;
					};
				};
			};
			buildConfigurationList = F60F3D3226F6BAE500FC0D4F /* Build configuration list for PBXProject "Quiz" */;
			compatibilityVersion = "Xcode 9.3";
			developmentRegion = en;
			hasScannedForEncodings = 0;
			knownRegions = (
				en,
				Base,
			);
			mainGroup = F60F3D2E26F6BAE500FC0D4F;
			productRefGroup = F60F3D3826F6BAE500FC0D4F /* Products */;
			projectDirPath = "";
			projectRoot = "";
			targets = (
				F60F3D3626F6BAE500FC0D4F /* Quiz */,
			);
		};
/* End PBXProject section */

/* Begin PBXResourcesBuildPhase section */
		F60F3D3526F6BAE500FC0D4F /* Resources */ = {
			isa = PBXResourcesBuildPhase;
			buildActionMask = 2147483647;
			files = (
				F60F3D4726F6BAE800FC0D4F /* LaunchScreen.storyboard in Resources */,
				F68E4F6526F7E3F200CDD10F /* AnswerCell.xib in Resources */,
				F68E4F5626F757FF00CDD10F /* FinishViewController.xib in Resources */,
				F60F3D4426F6BAE800FC0D4F /* Assets.xcassets in Resources */,
				F62D8ED626F6EBB9003EE08E /* HomeViewController.xib in Resources */,
				F68E4F5C26F7922A00CDD10F /* QuestionViewController.xib in Resources */,
			);
			runOnlyForDeploymentPostprocessing = 0;
		};
/* End PBXResourcesBuildPhase section */

/* Begin PBXSourcesBuildPhase section */
		F60F3D3326F6BAE500FC0D4F /* Sources */ = {
			isa = PBXSourcesBuildPhase;
			buildActionMask = 2147483647;
			files = (
				F60F3D3B26F6BAE500FC0D4F /* AppDelegate.swift in Sources */,
				F62D8ED526F6EBB9003EE08E /* HomeViewController.swift in Sources */,
				F67C0E8226F82D8800EA4329 /* AnswerModel.swift in Sources */,
				F68E4F5B26F7922A00CDD10F /* QuestionViewController.swift in Sources */,
				F68E4F6A26F8249300CDD10F /* QuestionModel.swift in Sources */,
				F68E4F5526F757FF00CDD10F /* FinishViewController.swift in Sources */,
				F68E4F6426F7E3F200CDD10F /* AnswerCell.swift in Sources */,
			);
			runOnlyForDeploymentPostprocessing = 0;
		};
/* End PBXSourcesBuildPhase section */

/* Begin PBXVariantGroup section */
		F60F3D4526F6BAE800FC0D4F /* LaunchScreen.storyboard */ = {
			isa = PBXVariantGroup;
			children = (
				F60F3D4626F6BAE800FC0D4F /* Base */,
			);
			name = LaunchScreen.storyboard;
			sourceTree = "<group>";
		};
/* End PBXVariantGroup section */

/* Begin XCBuildConfiguration section */
		F60F3D4926F6BAE800FC0D4F /* Debug */ = {
			isa = XCBuildConfiguration;
			buildSettings = {
				ALWAYS_SEARCH_USER_PATHS = NO;
				CLANG_ANALYZER_NONNULL = YES;
				CLANG_ANALYZER_NUMBER_OBJECT_CONVERSION = YES_AGGRESSIVE;
				CLANG_CXX_LANGUAGE_STANDARD = "gnu++14";
				CLANG_CXX_LIBRARY = "libc++";
				CLANG_ENABLE_MODULES = YES;
				CLANG_ENABLE_OBJC_ARC = YES;
				CLANG_ENABLE_OBJC_WEAK = YES;
				CLANG_WARN_BLOCK_CAPTURE_AUTORELEASING = YES;
				CLANG_WARN_BOOL_CONVERSION = YES;
				CLANG_WARN_COMMA = YES;
				CLANG_WARN_CONSTANT_CONVERSION = YES;
				CLANG_WARN_DEPRECATED_OBJC_IMPLEMENTATIONS = YES;
				CLANG_WARN_DIRECT_OBJC_ISA_USAGE = YES_ERROR;
				CLANG_WARN_DOCUMENTATION_COMMENTS = YES;
				CLANG_WARN_EMPTY_BODY = YES;
				CLANG_WARN_ENUM_CONVERSION = YES;
				CLANG_WARN_INFINITE_RECURSION = YES;
				CLANG_WARN_INT_CONVERSION = YES;
				CLANG_WARN_NON_LITERAL_NULL_CONVERSION = YES;
				CLANG_WARN_OBJC_IMPLICIT_RETAIN_SELF = YES;
				CLANG_WARN_OBJC_LITERAL_CONVERSION = YES;
				CLANG_WARN_OBJC_ROOT_CLASS = YES_ERROR;
				CLANG_WARN_QUOTED_INCLUDE_IN_FRAMEWORK_HEADER = YES;
				CLANG_WARN_RANGE_LOOP_ANALYSIS = YES;
				CLANG_WARN_STRICT_PROTOTYPES = YES;
				CLANG_WARN_SUSPICIOUS_MOVE = YES;
				CLANG_WARN_UNGUARDED_AVAILABILITY = YES_AGGRESSIVE;
				CLANG_WARN_UNREACHABLE_CODE = YES;
				CLANG_WARN__DUPLICATE_METHOD_MATCH = YES;
				COPY_PHASE_STRIP = NO;
				DEBUG_INFORMATION_FORMAT = dwarf;
				ENABLE_STRICT_OBJC_MSGSEND = YES;
				ENABLE_TESTABILITY = YES;
				GCC_C_LANGUAGE_STANDARD = gnu11;
				GCC_DYNAMIC_NO_PIC = NO;
				GCC_NO_COMMON_BLOCKS = YES;
				GCC_OPTIMIZATION_LEVEL = 0;
				GCC_PREPROCESSOR_DEFINITIONS = (
					"DEBUG=1",
					"$(inherited)",
				);
				GCC_WARN_64_TO_32_BIT_CONVERSION = YES;
				GCC_WARN_ABOUT_RETURN_TYPE = YES_ERROR;
				GCC_WARN_UNDECLARED_SELECTOR = YES;
				GCC_WARN_UNINITIALIZED_AUTOS = YES_AGGRESSIVE;
				GCC_WARN_UNUSED_FUNCTION = YES;
				GCC_WARN_UNUSED_VARIABLE = YES;
				IPHONEOS_DEPLOYMENT_TARGET = 14.3;
				MTL_ENABLE_DEBUG_INFO = INCLUDE_SOURCE;
				MTL_FAST_MATH = YES;
				ONLY_ACTIVE_ARCH = YES;
				SDKROOT = iphoneos;
				SWIFT_ACTIVE_COMPILATION_CONDITIONS = DEBUG;
				SWIFT_OPTIMIZATION_LEVEL = "-Onone";
			};
			name = Debug;
		};
		F60F3D4A26F6BAE800FC0D4F /* Release */ = {
			isa = XCBuildConfiguration;
			buildSettings = {
				ALWAYS_SEARCH_USER_PATHS = NO;
				CLANG_ANALYZER_NONNULL = YES;
				CLANG_ANALYZER_NUMBER_OBJECT_CONVERSION = YES_AGGRESSIVE;
				CLANG_CXX_LANGUAGE_STANDARD = "gnu++14";
				CLANG_CXX_LIBRARY = "libc++";
				CLANG_ENABLE_MODULES = YES;
				CLANG_ENABLE_OBJC_ARC = YES;
				CLANG_ENABLE_OBJC_WEAK = YES;
				CLANG_WARN_BLOCK_CAPTURE_AUTORELEASING = YES;
				CLANG_WARN_BOOL_CONVERSION = YES;
				CLANG_WARN_COMMA = YES;
				CLANG_WARN_CONSTANT_CONVERSION = YES;
				CLANG_WARN_DEPRECATED_OBJC_IMPLEMENTATIONS = YES;
				CLANG_WARN_DIRECT_OBJC_ISA_USAGE = YES_ERROR;
				CLANG_WARN_DOCUMENTATION_COMMENTS = YES;
				CLANG_WARN_EMPTY_BODY = YES;
				CLANG_WARN_ENUM_CONVERSION = YES;
				CLANG_WARN_INFINITE_RECURSION = YES;
				CLANG_WARN_INT_CONVERSION = YES;
				CLANG_WARN_NON_LITERAL_NULL_CONVERSION = YES;
				CLANG_WARN_OBJC_IMPLICIT_RETAIN_SELF = YES;
				CLANG_WARN_OBJC_LITERAL_CONVERSION = YES;
				CLANG_WARN_OBJC_ROOT_CLASS = YES_ERROR;
				CLANG_WARN_QUOTED_INCLUDE_IN_FRAMEWORK_HEADER = YES;
				CLANG_WARN_RANGE_LOOP_ANALYSIS = YES;
				CLANG_WARN_STRICT_PROTOTYPES = YES;
				CLANG_WARN_SUSPICIOUS_MOVE = YES;
				CLANG_WARN_UNGUARDED_AVAILABILITY = YES_AGGRESSIVE;
				CLANG_WARN_UNREACHABLE_CODE = YES;
				CLANG_WARN__DUPLICATE_METHOD_MATCH = YES;
				COPY_PHASE_STRIP = NO;
				DEBUG_INFORMATION_FORMAT = "dwarf-with-dsym";
				ENABLE_NS_ASSERTIONS = NO;
				ENABLE_STRICT_OBJC_MSGSEND = YES;
				GCC_C_LANGUAGE_STANDARD = gnu11;
				GCC_NO_COMMON_BLOCKS = YES;
				GCC_WARN_64_TO_32_BIT_CONVERSION = YES;
				GCC_WARN_ABOUT_RETURN_TYPE = YES_ERROR;
				GCC_WARN_UNDECLARED_SELECTOR = YES;
				GCC_WARN_UNINITIALIZED_AUTOS = YES_AGGRESSIVE;
				GCC_WARN_UNUSED_FUNCTION = YES;
				GCC_WARN_UNUSED_VARIABLE = YES;
				IPHONEOS_DEPLOYMENT_TARGET = 14.3;
				MTL_ENABLE_DEBUG_INFO = NO;
				MTL_FAST_MATH = YES;
				SDKROOT = iphoneos;
				SWIFT_COMPILATION_MODE = wholemodule;
				SWIFT_OPTIMIZATION_LEVEL = "-O";
				VALIDATE_PRODUCT = YES;
			};
			name = Release;
		};
		F60F3D4C26F6BAE800FC0D4F /* Debug */ = {
			isa = XCBuildConfiguration;
			buildSettings = {
				ASSETCATALOG_COMPILER_APPICON_NAME = AppIcon;
				ASSETCATALOG_COMPILER_GLOBAL_ACCENT_COLOR_NAME = AccentColor;
				CODE_SIGN_STYLE = Automatic;
				DEVELOPMENT_TEAM = B792F458DS;
				INFOPLIST_FILE = Quiz/Resources/Info.plist;
				IPHONEOS_DEPLOYMENT_TARGET = 12.0;
				LD_RUNPATH_SEARCH_PATHS = (
					"$(inherited)",
					"@executable_path/Frameworks",
				);
				PRODUCT_BUNDLE_IDENTIFIER = com.thyagoraphael1987.Quiz;
				PRODUCT_NAME = "$(TARGET_NAME)";
				SWIFT_VERSION = 5.0;
				TARGETED_DEVICE_FAMILY = 1;
			};
			name = Debug;
		};
		F60F3D4D26F6BAE800FC0D4F /* Release */ = {
			isa = XCBuildConfiguration;
			buildSettings = {
				ASSETCATALOG_COMPILER_APPICON_NAME = AppIcon;
				ASSETCATALOG_COMPILER_GLOBAL_ACCENT_COLOR_NAME = AccentColor;
				CODE_SIGN_STYLE = Automatic;
				DEVELOPMENT_TEAM = B792F458DS;
				INFOPLIST_FILE = Quiz/Resources/Info.plist;
				IPHONEOS_DEPLOYMENT_TARGET = 12.0;
				LD_RUNPATH_SEARCH_PATHS = (
					"$(inherited)",
					"@executable_path/Frameworks",
				);
				PRODUCT_BUNDLE_IDENTIFIER = com.thyagoraphael1987.Quiz;
				PRODUCT_NAME = "$(TARGET_NAME)";
				SWIFT_VERSION = 5.0;
				TARGETED_DEVICE_FAMILY = 1;
			};
			name = Release;
		};
/* End XCBuildConfiguration section */

/* Begin XCConfigurationList section */
		F60F3D3226F6BAE500FC0D4F /* Build configuration list for PBXProject "Quiz" */ = {
			isa = XCConfigurationList;
			buildConfigurations = (
				F60F3D4926F6BAE800FC0D4F /* Debug */,
				F60F3D4A26F6BAE800FC0D4F /* Release */,
			);
			defaultConfigurationIsVisible = 0;
			defaultConfigurationName = Release;
		};
		F60F3D4B26F6BAE800FC0D4F /* Build configuration list for PBXNativeTarget "Quiz" */ = {
			isa = XCConfigurationList;
			buildConfigurations = (
				F60F3D4C26F6BAE800FC0D4F /* Debug */,
				F60F3D4D26F6BAE800FC0D4F /* Release */,
			);
			defaultConfigurationIsVisible = 0;
			defaultConfigurationName = Release;
		};
/* End XCConfigurationList section */
	};
	rootObject = F60F3D2F26F6BAE500FC0D4F /* Project object */;
}
